
Microsoft Visual Studio Solution File, Format Version 12.00
# Visual Studio Version 17
VisualStudioVersion = 17.2.32210.308
MinimumVisualStudioVersion = 10.0.40219.1
Project("{FAE04EC0-301F-11D3-BF4B-00C04F79EFBC}") = "Azure.Devops.Test", "Azure.Devops.Test\Azure.Devops.Test.csproj", "{7405B119-E56A-48D7-A9F8-FD7E94909A59}"
EndProject
Project("{2150E333-8FDC-42A3-9474-1A3956D46DE8}") = "docker", "docker", "{53B210DB-C08B-4F3D-BB3F-AE8351ECF0A3}"
	ProjectSection(SolutionItems) = preProject
		docker\Dockerfile = docker\Dockerfile
	EndProjectSection
EndProject
Global
	GlobalSection(SolutionConfigurationPlatforms) = preSolution
		Debug|Any CPU = Debug|Any CPU
		Release|Any CPU = Release|Any CPU
	EndGlobalSection
	GlobalSection(ProjectConfigurationPlatforms) = postSolution
		{7405B119-E56A-48D7-A9F8-FD7E94909A59}.Debug|Any CPU.ActiveCfg = Debug|Any CPU
		{7405B119-E56A-48D7-A9F8-FD7E94909A59}.Debug|Any CPU.Build.0 = Debug|Any CPU
		{7405B119-E56A-48D7-A9F8-FD7E94909A59}.Release|Any CPU.ActiveCfg = Release|Any CPU
		{7405B119-E56A-48D7-A9F8-FD7E94909A59}.Release|Any CPU.Build.0 = Release|Any CPU
	EndGlobalSection
	GlobalSection(SolutionProperties) = preSolution
		HideSolutionNode = FALSE
	EndGlobalSection
	GlobalSection(ExtensibilityGlobals) = postSolution
		SolutionGuid = {AD345CFF-7536-43D6-BBD0-D1DC7823F426}
	EndGlobalSection
EndGlobal
